
Microsoft Visual Studio Solution File, Format Version 12.00
# Visual Studio Version 17
VisualStudioVersion = 17.3.32922.545
MinimumVisualStudioVersion = 10.0.40219.1
Project("{FAE04EC0-301F-11D3-BF4B-00C04F79EFBC}") = "Лаба4", "Лаба4\Лаба4.csproj", "{64C4ED59-86A9-4EDC-9145-EB419C834EAA}"
EndProject
Global
	GlobalSection(SolutionConfigurationPlatforms) = preSolution
		Debug|Any CPU = Debug|Any CPU
		Release|Any CPU = Release|Any CPU
	EndGlobalSection
	GlobalSection(ProjectConfigurationPlatforms) = postSolution
		{64C4ED59-86A9-4EDC-9145-EB419C834EAA}.Debug|Any CPU.ActiveCfg = Debug|Any CPU
		{64C4ED59-86A9-4EDC-9145-EB419C834EAA}.Debug|Any CPU.Build.0 = Debug|Any CPU
		{64C4ED59-86A9-4EDC-9145-EB419C834EAA}.Release|Any CPU.ActiveCfg = Release|Any CPU
		{64C4ED59-86A9-4EDC-9145-EB419C834EAA}.Release|Any CPU.Build.0 = Release|Any CPU
	EndGlobalSection
	GlobalSection(SolutionProperties) = preSolution
		HideSolutionNode = FALSE
	EndGlobalSection
	GlobalSection(ExtensibilityGlobals) = postSolution
		SolutionGuid = {D29F375F-666D-43D9-9762-FDD39BFEB97A}
	EndGlobalSection
EndGlobal
